{
    "version": 3,
    "terraform_version": "0.10.7",
    "serial": 9,
    "lineage": "8cbf08bd-730d-464a-9797-0ed9fbd01204",
    "modules": [
        {
            "path": [
                "root"
            ],
            "outputs": {},
            "resources": {
                "aws_autoscaling_group.main": {
                    "type": "aws_autoscaling_group",
                    "depends_on": [
                        "aws_launch_configuration.main",
                        "data.aws_subnet_ids.dmz"
                    ],
                    "primary": {
                        "id": "tf-asg-20171010084116649100000001",
                        "attributes": {
                            "arn": "arn:aws:autoscaling:us-east-2:880725843190:autoScalingGroup:86db2644-e987-4437-bedf-2a8153d4355f:autoScalingGroupName/tf-asg-20171010084116649100000001",
                            "availability_zones.#": "3",
                            "availability_zones.1726430690": "us-east-2b",
                            "availability_zones.299896180": "us-east-2c",
                            "availability_zones.4293815384": "us-east-2a",
                            "default_cooldown": "300",
                            "desired_capacity": "2",
                            "force_delete": "false",
                            "health_check_grace_period": "300",
                            "health_check_type": "EC2",
                            "id": "tf-asg-20171010084116649100000001",
                            "launch_configuration": "terraform-20171010081858886800000002",
                            "load_balancers.#": "0",
                            "max_size": "3",
                            "metrics_granularity": "1Minute",
                            "min_size": "2",
                            "name": "tf-asg-20171010084116649100000001",
                            "placement_group": "",
                            "protect_from_scale_in": "false",
                            "suspended_processes.#": "0",
                            "tag.#": "0",
                            "target_group_arns.#": "1",
                            "target_group_arns.695591310": "arn:aws:elasticloadbalancing:us-east-2:880725843190:targetgroup/homework/500933cfffe07533",
                            "termination_policies.#": "0",
                            "vpc_zone_identifier.#": "3",
                            "vpc_zone_identifier.2316726739": "subnet-47165f3c",
                            "vpc_zone_identifier.356607786": "subnet-fbb722b6",
                            "vpc_zone_identifier.3596793297": "subnet-08c4cd61",
                            "wait_for_capacity_timeout": "10m"
                        },
                        "meta": {
                            "e2bfb730-ecaa-11e6-8f88-34363bc7c4c0": {
                                "delete": 600000000000
                            }
                        },
                        "tainted": false
                    },
                    "deposed": [],
                    "provider": ""
                },
                "aws_launch_configuration.main": {
                    "type": "aws_launch_configuration",
                    "depends_on": [
                        "data.aws_ami.homework_app",
                        "data.aws_iam_instance_profile.s3_read_only",
                        "data.aws_security_group.app"
                    ],
                    "primary": {
                        "id": "terraform-20171010081858886800000002",
                        "attributes": {
                            "associate_public_ip_address": "true",
                            "ebs_block_device.#": "0",
                            "ebs_optimized": "false",
                            "enable_monitoring": "true",
                            "ephemeral_block_device.#": "0",
                            "iam_instance_profile": "s3-read-only",
                            "id": "terraform-20171010081858886800000002",
                            "image_id": "ami-5086ab35",
                            "instance_type": "t2.micro",
                            "key_name": "ck-homework",
                            "name": "terraform-20171010081858886800000002",
                            "root_block_device.#": "0",
                            "security_groups.#": "1",
                            "security_groups.475279939": "sg-91dc55f9",
                            "spot_price": "",
                            "vpc_classic_link_id": "",
                            "vpc_classic_link_security_groups.#": "0"
                        },
                        "meta": {},
                        "tainted": false
                    },
                    "deposed": [],
                    "provider": ""
                },
                "data.aws_ami.homework_app": {
                    "type": "aws_ami",
                    "depends_on": [],
                    "primary": {
                        "id": "ami-5086ab35",
                        "attributes": {
                            "architecture": "x86_64",
                            "block_device_mappings.#": "3",
                            "block_device_mappings.1634610537.device_name": "/dev/sdb",
                            "block_device_mappings.1634610537.ebs.%": "0",
                            "block_device_mappings.1634610537.no_device": "",
                            "block_device_mappings.1634610537.virtual_name": "ephemeral0",
                            "block_device_mappings.2547816212.device_name": "/dev/sda1",
                            "block_device_mappings.2547816212.ebs.%": "6",
                            "block_device_mappings.2547816212.ebs.delete_on_termination": "true",
                            "block_device_mappings.2547816212.ebs.encrypted": "false",
                            "block_device_mappings.2547816212.ebs.iops": "0",
                            "block_device_mappings.2547816212.ebs.snapshot_id": "snap-004e7f11c40d349c9",
                            "block_device_mappings.2547816212.ebs.volume_size": "8",
                            "block_device_mappings.2547816212.ebs.volume_type": "gp2",
                            "block_device_mappings.2547816212.no_device": "",
                            "block_device_mappings.2547816212.virtual_name": "",
                            "block_device_mappings.3850042718.device_name": "/dev/sdc",
                            "block_device_mappings.3850042718.ebs.%": "0",
                            "block_device_mappings.3850042718.no_device": "",
                            "block_device_mappings.3850042718.virtual_name": "ephemeral1",
                            "creation_date": "2017-10-10T08:08:11.000Z",
                            "description": "ruby-2.4-1507622402, built from Ubuntu Server 14.04 LTS (hvm-ssd) (ami-43391926) on 2017-10-10T08:00:02Z",
                            "filter.#": "2",
                            "filter.3553512622.name": "name",
                            "filter.3553512622.values.#": "1",
                            "filter.3553512622.values.0": "ruby-2.4-*",
                            "filter.490168357.name": "virtualization-type",
                            "filter.490168357.values.#": "1",
                            "filter.490168357.values.0": "hvm",
                            "hypervisor": "xen",
                            "id": "ami-5086ab35",
                            "image_id": "ami-5086ab35",
                            "image_location": "880725843190/ruby-2.4-1507622402",
                            "image_type": "machine",
                            "most_recent": "true",
                            "name": "ruby-2.4-1507622402",
                            "owner_id": "880725843190",
                            "product_codes.#": "0",
                            "public": "false",
                            "root_device_name": "/dev/sda1",
                            "root_device_type": "ebs",
                            "sriov_net_support": "simple",
                            "state": "available",
                            "state_reason.%": "2",
                            "state_reason.code": "UNSET",
                            "state_reason.message": "UNSET",
                            "tags.#": "1",
                            "tags.321868419.key": "Name",
                            "tags.321868419.value": "ruby-2.4-1507622402",
                            "virtualization_type": "hvm"
                        },
                        "meta": {},
                        "tainted": false
                    },
                    "deposed": [],
                    "provider": ""
                },
                "data.aws_iam_instance_profile.s3_read_only": {
                    "type": "aws_iam_instance_profile",
                    "depends_on": [],
                    "primary": {
                        "id": "AIPAIP2WC5HPS5K64SSXI",
                        "attributes": {
                            "arn": "arn:aws:iam::880725843190:instance-profile/s3-read-only",
                            "create_date": "2017-10-10 04:29:52 +0000 UTC",
                            "id": "AIPAIP2WC5HPS5K64SSXI",
                            "name": "s3-read-only",
                            "path": "/",
                            "role_id": "AROAIIWW5JH7XURSTXUBU"
                        },
                        "meta": {},
                        "tainted": false
                    },
                    "deposed": [],
                    "provider": ""
                },
                "data.aws_security_group.app": {
                    "type": "aws_security_group",
                    "depends_on": [],
                    "primary": {
                        "id": "sg-91dc55f9",
                        "attributes": {
                            "arn": "arn:aws:ec2:us-east-2:880725843190:security-group/sg-91dc55f9",
                            "id": "sg-91dc55f9",
                            "name": "rails-app-dmz",
                            "tags.%": "0",
                            "vpc_id": "vpc-a69da4cf"
                        },
                        "meta": {},
                        "tainted": false
                    },
                    "deposed": [],
                    "provider": ""
                },
                "data.aws_subnet_ids.dmz": {
                    "type": "aws_subnet_ids",
                    "depends_on": [
                        "data.aws_vpc.homework"
                    ],
                    "primary": {
                        "id": "vpc-a69da4cf",
                        "attributes": {
                            "id": "vpc-a69da4cf",
                            "ids.#": "3",
                            "ids.2316726739": "subnet-47165f3c",
                            "ids.356607786": "subnet-fbb722b6",
                            "ids.3596793297": "subnet-08c4cd61",
                            "tags.%": "1",
                            "tags.Segment": "dmz",
                            "vpc_id": "vpc-a69da4cf"
                        },
                        "meta": {},
                        "tainted": false
                    },
                    "deposed": [],
                    "provider": ""
                },
                "data.aws_vpc.homework": {
                    "type": "aws_vpc",
                    "depends_on": [],
                    "primary": {
                        "id": "vpc-a69da4cf",
                        "attributes": {
                            "cidr_block": "172.32.0.0/16",
                            "default": "false",
                            "dhcp_options_id": "dopt-5d686534",
                            "enable_dns_hostnames": "true",
                            "enable_dns_support": "true",
                            "id": "vpc-a69da4cf",
                            "instance_tenancy": "default",
                            "state": "available",
                            "tags.%": "1",
                            "tags.Name": "ck-hw-production"
                        },
                        "meta": {},
                        "tainted": false
                    },
                    "deposed": [],
                    "provider": ""
                }
            },
            "depends_on": []
        }
    ]
}
